
Microsoft Visual Studio Solution File, Format Version 12.00
# Visual Studio 15
VisualStudioVersion = 15.0.28307.168
MinimumVisualStudioVersion = 10.0.40219.1
Project("{9A19103F-16F7-4668-BE54-9A1E7A4F7556}") = "JSONToDictionary", "JSONToDictionary\JSONToDictionary.csproj", "{59FF68B1-9D4B-4564-97C9-AD281A5B66B4}"
EndProject
Project("{9A19103F-16F7-4668-BE54-9A1E7A4F7556}") = "JSONToDictionary.Tests", "JSONToDictionary.Tests\JSONToDictionary.Tests.csproj", "{C8AF998F-1CD2-4EB1-A9BE-CAD8F706AA0B}"
EndProject
Global
	GlobalSection(SolutionConfigurationPlatforms) = preSolution
		Debug|Any CPU = Debug|Any CPU
		Release|Any CPU = Release|Any CPU
	EndGlobalSection
	GlobalSection(ProjectConfigurationPlatforms) = postSolution
		{59FF68B1-9D4B-4564-97C9-AD281A5B66B4}.Debug|Any CPU.ActiveCfg = Debug|Any CPU
		{59FF68B1-9D4B-4564-97C9-AD281A5B66B4}.Debug|Any CPU.Build.0 = Debug|Any CPU
		{59FF68B1-9D4B-4564-97C9-AD281A5B66B4}.Release|Any CPU.ActiveCfg = Release|Any CPU
		{59FF68B1-9D4B-4564-97C9-AD281A5B66B4}.Release|Any CPU.Build.0 = Release|Any CPU
		{C8AF998F-1CD2-4EB1-A9BE-CAD8F706AA0B}.Debug|Any CPU.ActiveCfg = Debug|Any CPU
		{C8AF998F-1CD2-4EB1-A9BE-CAD8F706AA0B}.Debug|Any CPU.Build.0 = Debug|Any CPU
		{C8AF998F-1CD2-4EB1-A9BE-CAD8F706AA0B}.Release|Any CPU.ActiveCfg = Release|Any CPU
		{C8AF998F-1CD2-4EB1-A9BE-CAD8F706AA0B}.Release|Any CPU.Build.0 = Release|Any CPU
	EndGlobalSection
	GlobalSection(SolutionProperties) = preSolution
		HideSolutionNode = FALSE
	EndGlobalSection
	GlobalSection(ExtensibilityGlobals) = postSolution
		SolutionGuid = {4BE7237F-AEE9-4D96-8459-8FE07B5B657E}
	EndGlobalSection
EndGlobal
